
Microsoft Visual Studio Solution File, Format Version 12.00
# Visual Studio Version 17
VisualStudioVersion = 17.8.34330.188
MinimumVisualStudioVersion = 10.0.40219.1
Project("{8BC9CEB8-8B4A-11D0-8D11-00A0C91BC942}") = "RPG", "RPG.vcxproj", "{9B903B38-E1CD-44E8-B760-DE1F32D7CC9A}"
EndProject
Global
	GlobalSection(SolutionConfigurationPlatforms) = preSolution
		Debug|x64 = Debug|x64
		Debug|x86 = Debug|x86
		Release|x64 = Release|x64
		Release|x86 = Release|x86
	EndGlobalSection
	GlobalSection(ProjectConfigurationPlatforms) = postSolution
		{9B903B38-E1CD-44E8-B760-DE1F32D7CC9A}.Debug|x64.ActiveCfg = Debug|x64
		{9B903B38-E1CD-44E8-B760-DE1F32D7CC9A}.Debug|x64.Build.0 = Debug|x64
		{9B903B38-E1CD-44E8-B760-DE1F32D7CC9A}.Debug|x86.ActiveCfg = Debug|Win32
		{9B903B38-E1CD-44E8-B760-DE1F32D7CC9A}.Debug|x86.Build.0 = Debug|Win32
		{9B903B38-E1CD-44E8-B760-DE1F32D7CC9A}.Release|x64.ActiveCfg = Release|x64
		{9B903B38-E1CD-44E8-B760-DE1F32D7CC9A}.Release|x64.Build.0 = Release|x64
		{9B903B38-E1CD-44E8-B760-DE1F32D7CC9A}.Release|x86.ActiveCfg = Release|Win32
		{9B903B38-E1CD-44E8-B760-DE1F32D7CC9A}.Release|x86.Build.0 = Release|Win32
	EndGlobalSection
	GlobalSection(SolutionProperties) = preSolution
		HideSolutionNode = FALSE
	EndGlobalSection
	GlobalSection(ExtensibilityGlobals) = postSolution
		SolutionGuid = {31BDA43A-9B28-449A-8057-8F099C7B5335}
	EndGlobalSection
EndGlobal
